// !$*UTF8*$!
{
	archiveVersion = 1;
	classes = {
	};
	objectVersion = 77;
	objects = {

/* Begin PBXBuildFile section */
		7E6DDD8D2FCD1525007181BE /* WidgetKit.framework in Frameworks */ = {isa = PBXBuildFile; fileRef = E43124C62FBF7E200050D6C7 /* WidgetKit.framework */; };
		7E6DDD8E2FCD1525007181BE /* SwiftUI.framework in Frameworks */ = {isa = PBXBuildFile; fileRef = E43124C82FBF7E200050D6C7 /* SwiftUI.framework */; };
		7E6DDD9D2FCD1526007181BE /* HamBandsWidgetExtension.appex in Embed Foundation Extensions */ = {isa = PBXBuildFile; fileRef = 7E6DDD8C2FCD1525007181BE /* HamBandsWidgetExtension.appex */; settings = {ATTRIBUTES = (RemoveHeadersOnCopy, ); }; };
		E43124B32FBF7A100050D6C7 /* HamBands Watch App Watch App.app in Embed Watch Content */ = {isa = PBXBuildFile; fileRef = E43124A92FBF7A0F0050D6C7 /* HamBands Watch App Watch App.app */; settings = {ATTRIBUTES = (RemoveHeadersOnCopy, ); }; };
		E43124C72FBF7E200050D6C7 /* WidgetKit.framework in Frameworks */ = {isa = PBXBuildFile; fileRef = E43124C62FBF7E200050D6C7 /* WidgetKit.framework */; };
		E43124C92FBF7E200050D6C7 /* SwiftUI.framework in Frameworks */ = {isa = PBXBuildFile; fileRef = E43124C82FBF7E200050D6C7 /* SwiftUI.framework */; };
		E43124D62FBF7E220050D6C7 /* HamBands WidgetExtension.appex in Embed Foundation Extensions */ = {isa = PBXBuildFile; fileRef = E43124C42FBF7E200050D6C7 /* HamBands WidgetExtension.appex */; settings = {ATTRIBUTES = (RemoveHeadersOnCopy, ); }; };
		E43124F92FC0895C0050D6C7 /* .gitignore in Resources */ = {isa = PBXBuildFile; fileRef = E43124F82FC089530050D6C7 /* .gitignore */; };
/* End PBXBuildFile section */

/* Begin PBXContainerItemProxy section */
		7E6DDD9B2FCD1526007181BE /* PBXContainerItemProxy */ = {
			isa = PBXContainerItemProxy;
			containerPortal = E431248F2FBF79C90050D6C7 /* Project object */;
			proxyType = 1;
			remoteGlobalIDString = 7E6DDD8B2FCD1525007181BE;
			remoteInfo = HamBandsWidgetExtension;
		};
		E43124B12FBF7A100050D6C7 /* PBXContainerItemProxy */ = {
			isa = PBXContainerItemProxy;
			containerPortal = E431248F2FBF79C90050D6C7 /* Project object */;
			proxyType = 1;
			remoteGlobalIDString = E43124A82FBF7A0F0050D6C7;
			remoteInfo = "HamBands Watch App Watch App";
		};
		E43124D42FBF7E220050D6C7 /* PBXContainerItemProxy */ = {
			isa = PBXContainerItemProxy;
			containerPortal = E431248F2FBF79C90050D6C7 /* Project object */;
			proxyType = 1;
			remoteGlobalIDString = E43124C32FBF7E200050D6C7;
			remoteInfo = "HamBands WidgetExtension";
		};
/* End PBXContainerItemProxy section */

/* Begin PBXCopyFilesBuildPhase section */
		7E6DDDA22FCD1526007181BE /* Embed Foundation Extensions */ = {
			isa = PBXCopyFilesBuildPhase;
			buildActionMask = 2147483647;
			dstPath = "";
			dstSubfolderSpec = 13;
			files = (
				7E6DDD9D2FCD1526007181BE /* HamBandsWidgetExtension.appex in Embed Foundation Extensions */,
			);
			name = "Embed Foundation Extensions";
			runOnlyForDeploymentPostprocessing = 0;
		};
		E43124B72FBF7A100050D6C7 /* Embed Watch Content */ = {
			isa = PBXCopyFilesBuildPhase;
			buildActionMask = 2147483647;
			dstPath = "$(CONTENTS_FOLDER_PATH)/Watch";
			dstSubfolderSpec = 16;
			files = (
				E43124B32FBF7A100050D6C7 /* HamBands Watch App Watch App.app in Embed Watch Content */,
			);
			name = "Embed Watch Content";
			runOnlyForDeploymentPostprocessing = 0;
		};
		E43124DB2FBF7E220050D6C7 /* Embed Foundation Extensions */ = {
			isa = PBXCopyFilesBuildPhase;
			buildActionMask = 2147483647;
			dstPath = "";
			dstSubfolderSpec = 13;
			files = (
				E43124D62FBF7E220050D6C7 /* HamBands WidgetExtension.appex in Embed Foundation Extensions */,
			);
			name = "Embed Foundation Extensions";
			runOnlyForDeploymentPostprocessing = 0;
		};
/* End PBXCopyFilesBuildPhase section */

/* Begin PBXFileReference section */
		7E6DDD8C2FCD1525007181BE /* HamBandsWidgetExtension.appex */ = {isa = PBXFileReference; explicitFileType = "wrapper.app-extension"; includeInIndex = 0; path = HamBandsWidgetExtension.appex; sourceTree = BUILT_PRODUCTS_DIR; };
		E43124972FBF79C90050D6C7 /* HamBands.app */ = {isa = PBXFileReference; explicitFileType = wrapper.application; includeInIndex = 0; path = HamBands.app; sourceTree = BUILT_PRODUCTS_DIR; };
		E43124A92FBF7A0F0050D6C7 /* HamBands Watch App Watch App.app */ = {isa = PBXFileReference; explicitFileType = wrapper.application; includeInIndex = 0; path = "HamBands Watch App Watch App.app"; sourceTree = BUILT_PRODUCTS_DIR; };
		E43124C42FBF7E200050D6C7 /* HamBands WidgetExtension.appex */ = {isa = PBXFileReference; explicitFileType = "wrapper.app-extension"; includeInIndex = 0; path = "HamBands WidgetExtension.appex"; sourceTree = BUILT_PRODUCTS_DIR; };
		E43124C62FBF7E200050D6C7 /* WidgetKit.framework */ = {isa = PBXFileReference; lastKnownFileType = wrapper.framework; name = WidgetKit.framework; path = System/Library/Frameworks/WidgetKit.framework; sourceTree = SDKROOT; };
		E43124C82FBF7E200050D6C7 /* SwiftUI.framework */ = {isa = PBXFileReference; lastKnownFileType = wrapper.framework; name = SwiftUI.framework; path = System/Library/Frameworks/SwiftUI.framework; sourceTree = SDKROOT; };
		E43124F82FC089530050D6C7 /* .gitignore */ = {isa = PBXFileReference; lastKnownFileType = text; path = .gitignore; sourceTree = "<group>"; };
/* End PBXFileReference section */

/* Begin PBXFileSystemSynchronizedBuildFileExceptionSet section */
		7E6DDDA12FCD1526007181BE /* Exceptions for "HamBandsWidget" folder in "HamBandsWidgetExtension" target */ = {
			isa = PBXFileSystemSynchronizedBuildFileExceptionSet;
			membershipExceptions = (
				Info.plist,
			);
			target = 7E6DDD8B2FCD1525007181BE /* HamBandsWidgetExtension */;
		};
		7E6DDDA42FCD1600007181BE /* Exceptions for "HamBands" folder in "HamBandsWidgetExtension" target */ = {
			isa = PBXFileSystemSynchronizedBuildFileExceptionSet;
			membershipExceptions = (
				BandConditions.swift,
			);
			target = 7E6DDD8B2FCD1525007181BE /* HamBandsWidgetExtension */;
		};
		7EC325DF2FC7E33700D07D53 /* Exceptions for "HamBands" folder in "HamBands" target */ = {
			isa = PBXFileSystemSynchronizedBuildFileExceptionSet;
			membershipExceptions = (
				Info.plist,
			);
			target = E43124962FBF79C90050D6C7 /* HamBands */;
		};
		E43124BF2FBF7BFF0050D6C7 /* Exceptions for "HamBands" folder in "HamBands Watch App Watch App" target */ = {
			isa = PBXFileSystemSynchronizedBuildFileExceptionSet;
			membershipExceptions = (
				BandConditions.swift,
			);
			target = E43124A82FBF7A0F0050D6C7 /* HamBands Watch App Watch App */;
		};
		E43124DA2FBF7E220050D6C7 /* Exceptions for "HamBands Widget" folder in "HamBands WidgetExtension" target */ = {
			isa = PBXFileSystemSynchronizedBuildFileExceptionSet;
			membershipExceptions = (
				Info.plist,
			);
			target = E43124C32FBF7E200050D6C7 /* HamBands WidgetExtension */;
		};
		E43124DD2FBF7E4B0050D6C7 /* Exceptions for "HamBands" folder in "HamBands WidgetExtension" target */ = {
			isa = PBXFileSystemSynchronizedBuildFileExceptionSet;
			membershipExceptions = (
				BandConditions.swift,
			);
			target = E43124C32FBF7E200050D6C7 /* HamBands WidgetExtension */;
		};
/* End PBXFileSystemSynchronizedBuildFileExceptionSet section */

/* Begin PBXFileSystemSynchronizedRootGroup section */
		7E6DDD8F2FCD1525007181BE /* HamBandsWidget */ = {
			isa = PBXFileSystemSynchronizedRootGroup;
			exceptions = (
				7E6DDDA12FCD1526007181BE /* Exceptions for "HamBandsWidget" folder in "HamBandsWidgetExtension" target */,
			);
			path = HamBandsWidget;
			sourceTree = "<group>";
		};
		E43124992FBF79C90050D6C7 /* HamBands */ = {
			isa = PBXFileSystemSynchronizedRootGroup;
			exceptions = (
				7EC325DF2FC7E33700D07D53 /* Exceptions for "HamBands" folder in "HamBands" target */,
				E43124BF2FBF7BFF0050D6C7 /* Exceptions for "HamBands" folder in "HamBands Watch App Watch App" target */,
				E43124DD2FBF7E4B0050D6C7 /* Exceptions for "HamBands" folder in "HamBands WidgetExtension" target */,
				7E6DDDA42FCD1600007181BE /* Exceptions for "HamBands" folder in "HamBandsWidgetExtension" target */,
			);
			path = HamBands;
			sourceTree = "<group>";
		};
		E43124AA2FBF7A0F0050D6C7 /* HamBands Watch App Watch App */ = {
			isa = PBXFileSystemSynchronizedRootGroup;
			path = "HamBands Watch App Watch App";
			sourceTree = "<group>";
		};
		E43124CA2FBF7E200050D6C7 /* HamBands Widget */ = {
			isa = PBXFileSystemSynchronizedRootGroup;
			exceptions = (
				E43124DA2FBF7E220050D6C7 /* Exceptions for "HamBands Widget" folder in "HamBands WidgetExtension" target */,
			);
			path = "HamBands Widget";
			sourceTree = "<group>";
		};
/* End PBXFileSystemSynchronizedRootGroup section */

/* Begin PBXFrameworksBuildPhase section */
		7E6DDD892FCD1525007181BE /* Frameworks */ = {
			isa = PBXFrameworksBuildPhase;
			buildActionMask = 2147483647;
			files = (
				7E6DDD8E2FCD1525007181BE /* SwiftUI.framework in Frameworks */,
				7E6DDD8D2FCD1525007181BE /* WidgetKit.framework in Frameworks */,
			);
			runOnlyForDeploymentPostprocessing = 0;
		};
		E43124942FBF79C90050D6C7 /* Frameworks */ = {
			isa = PBXFrameworksBuildPhase;
			buildActionMask = 2147483647;
			files = (
			);
			runOnlyForDeploymentPostprocessing = 0;
		};
		E43124A62FBF7A0F0050D6C7 /* Frameworks */ = {
			isa = PBXFrameworksBuildPhase;
			buildActionMask = 2147483647;
			files = (
			);
			runOnlyForDeploymentPostprocessing = 0;
		};
		E43124C12FBF7E200050D6C7 /* Frameworks */ = {
			isa = PBXFrameworksBuildPhase;
			buildActionMask = 2147483647;
			files = (
				E43124C92FBF7E200050D6C7 /* SwiftUI.framework in Frameworks */,
				E43124C72FBF7E200050D6C7 /* WidgetKit.framework in Frameworks */,
			);
			runOnlyForDeploymentPostprocessing = 0;
		};
/* End PBXFrameworksBuildPhase section */

/* Begin PBXGroup section */
		E431248E2FBF79C90050D6C7 = {
			isa = PBXGroup;
			children = (
				E43124F82FC089530050D6C7 /* .gitignore */,
				E43124992FBF79C90050D6C7 /* HamBands */,
				E43124AA2FBF7A0F0050D6C7 /* HamBands Watch App Watch App */,
				E43124CA2FBF7E200050D6C7 /* HamBands Widget */,
				7E6DDD8F2FCD1525007181BE /* HamBandsWidget */,
				E43124C52FBF7E200050D6C7 /* Frameworks */,
				E43124982FBF79C90050D6C7 /* Products */,
			);
			sourceTree = "<group>";
		};
		E43124982FBF79C90050D6C7 /* Products */ = {
			isa = PBXGroup;
			children = (
				E43124972FBF79C90050D6C7 /* HamBands.app */,
				E43124A92FBF7A0F0050D6C7 /* HamBands Watch App Watch App.app */,
				E43124C42FBF7E200050D6C7 /* HamBands WidgetExtension.appex */,
				7E6DDD8C2FCD1525007181BE /* HamBandsWidgetExtension.appex */,
			);
			name = Products;
			sourceTree = "<group>";
		};
		E43124C52FBF7E200050D6C7 /* Frameworks */ = {
			isa = PBXGroup;
			children = (
				E43124C62FBF7E200050D6C7 /* WidgetKit.framework */,
				E43124C82FBF7E200050D6C7 /* SwiftUI.framework */,
			);
			name = Frameworks;
			sourceTree = "<group>";
		};
/* End PBXGroup section */

/* Begin PBXNativeTarget section */
		7E6DDD8B2FCD1525007181BE /* HamBandsWidgetExtension */ = {
			isa = PBXNativeTarget;
			buildConfigurationList = 7E6DDD9E2FCD1526007181BE /* Build configuration list for PBXNativeTarget "HamBandsWidgetExtension" */;
			buildPhases = (
				7E6DDD882FCD1525007181BE /* Sources */,
				7E6DDD892FCD1525007181BE /* Frameworks */,
				7E6DDD8A2FCD1525007181BE /* Resources */,
			);
			buildRules = (
			);
			dependencies = (
			);
			fileSystemSynchronizedGroups = (
				7E6DDD8F2FCD1525007181BE /* HamBandsWidget */,
			);
			name = HamBandsWidgetExtension;
			packageProductDependencies = (
			);
			productName = HamBandsWidgetExtension;
			productReference = 7E6DDD8C2FCD1525007181BE /* HamBandsWidgetExtension.appex */;
			productType = "com.apple.product-type.app-extension";
		};
		E43124962FBF79C90050D6C7 /* HamBands */ = {
			isa = PBXNativeTarget;
			buildConfigurationList = E43124A22FBF79CA0050D6C7 /* Build configuration list for PBXNativeTarget "HamBands" */;
			buildPhases = (
				E43124932FBF79C90050D6C7 /* Sources */,
				E43124942FBF79C90050D6C7 /* Frameworks */,
				E43124952FBF79C90050D6C7 /* Resources */,
				E43124B72FBF7A100050D6C7 /* Embed Watch Content */,
				7E6DDDA22FCD1526007181BE /* Embed Foundation Extensions */,
			);
			buildRules = (
			);
			dependencies = (
				E43124B22FBF7A100050D6C7 /* PBXTargetDependency */,
				7E6DDD9C2FCD1526007181BE /* PBXTargetDependency */,
			);
			fileSystemSynchronizedGroups = (
				E43124992FBF79C90050D6C7 /* HamBands */,
			);
			name = HamBands;
			packageProductDependencies = (
			);
			productName = HamBands;
			productReference = E43124972FBF79C90050D6C7 /* HamBands.app */;
			productType = "com.apple.product-type.application";
		};
		E43124A82FBF7A0F0050D6C7 /* HamBands Watch App Watch App */ = {
			isa = PBXNativeTarget;
			buildConfigurationList = E43124B42FBF7A100050D6C7 /* Build configuration list for PBXNativeTarget "HamBands Watch App Watch App" */;
			buildPhases = (
				E43124A52FBF7A0F0050D6C7 /* Sources */,
				E43124A62FBF7A0F0050D6C7 /* Frameworks */,
				E43124A72FBF7A0F0050D6C7 /* Resources */,
				E43124DB2FBF7E220050D6C7 /* Embed Foundation Extensions */,
			);
			buildRules = (
			);
			dependencies = (
				E43124D52FBF7E220050D6C7 /* PBXTargetDependency */,
			);
			fileSystemSynchronizedGroups = (
				E43124AA2FBF7A0F0050D6C7 /* HamBands Watch App Watch App */,
			);
			name = "HamBands Watch App Watch App";
			packageProductDependencies = (
			);
			productName = "HamBands Watch App Watch App";
			productReference = E43124A92FBF7A0F0050D6C7 /* HamBands Watch App Watch App.app */;
			productType = "com.apple.product-type.application";
		};
		E43124C32FBF7E200050D6C7 /* HamBands WidgetExtension */ = {
			isa = PBXNativeTarget;
			buildConfigurationList = E43124D72FBF7E220050D6C7 /* Build configuration list for PBXNativeTarget "HamBands WidgetExtension" */;
			buildPhases = (
				E43124C02FBF7E200050D6C7 /* Sources */,
				E43124C12FBF7E200050D6C7 /* Frameworks */,
				E43124C22FBF7E200050D6C7 /* Resources */,
			);
			buildRules = (
			);
			dependencies = (
			);
			fileSystemSynchronizedGroups = (
				E43124CA2FBF7E200050D6C7 /* HamBands Widget */,
			);
			name = "HamBands WidgetExtension";
			packageProductDependencies = (
			);
			productName = "HamBands WidgetExtension";
			productReference = E43124C42FBF7E200050D6C7 /* HamBands WidgetExtension.appex */;
			productType = "com.apple.product-type.app-extension";
		};
/* End PBXNativeTarget section */

/* Begin PBXProject section */
		E431248F2FBF79C90050D6C7 /* Project object */ = {
			isa = PBXProject;
			attributes = {
				BuildIndependentTargetsInParallel = 1;
				LastSwiftUpdateCheck = 2650;
				LastUpgradeCheck = 2650;
				TargetAttributes = {
					7E6DDD8B2FCD1525007181BE = {
						CreatedOnToolsVersion = 26.5;
					};
					E43124962FBF79C90050D6C7 = {
						CreatedOnToolsVersion = 26.5;
					};
					E43124A82FBF7A0F0050D6C7 = {
						CreatedOnToolsVersion = 26.5;
					};
					E43124C32FBF7E200050D6C7 = {
						CreatedOnToolsVersion = 26.5;
					};
				};
			};
			buildConfigurationList = E43124922FBF79C90050D6C7 /* Build configuration list for PBXProject "HamBands" */;
			developmentRegion = en;
			hasScannedForEncodings = 0;
			knownRegions = (
				en,
				Base,
			);
			mainGroup = E431248E2FBF79C90050D6C7;
			minimizedProjectReferenceProxies = 1;
			preferredProjectObjectVersion = 77;
			productRefGroup = E43124982FBF79C90050D6C7 /* Products */;
			projectDirPath = "";
			projectRoot = "";
			targets = (
				E43124962FBF79C90050D6C7 /* HamBands */,
				E43124A82FBF7A0F0050D6C7 /* HamBands Watch App Watch App */,
				E43124C32FBF7E200050D6C7 /* HamBands WidgetExtension */,
				7E6DDD8B2FCD1525007181BE /* HamBandsWidgetExtension */,
			);
		};
/* End PBXProject section */

/* Begin PBXResourcesBuildPhase section */
		7E6DDD8A2FCD1525007181BE /* Resources */ = {
			isa = PBXResourcesBuildPhase;
			buildActionMask = 2147483647;
			files = (
			);
			runOnlyForDeploymentPostprocessing = 0;
		};
		E43124952FBF79C90050D6C7 /* Resources */ = {
			isa = PBXResourcesBuildPhase;
			buildActionMask = 2147483647;
			files = (
				E43124F92FC0895C0050D6C7 /* .gitignore in Resources */,
			);
			runOnlyForDeploymentPostprocessing = 0;
		};
		E43124A72FBF7A0F0050D6C7 /* Resources */ = {
			isa = PBXResourcesBuildPhase;
			buildActionMask = 2147483647;
			files = (
			);
			runOnlyForDeploymentPostprocessing = 0;
		};
		E43124C22FBF7E200050D6C7 /* Resources */ = {
			isa = PBXResourcesBuildPhase;
			buildActionMask = 2147483647;
			files = (
			);
			runOnlyForDeploymentPostprocessing = 0;
		};
/* End PBXResourcesBuildPhase section */

/* Begin PBXSourcesBuildPhase section */
		7E6DDD882FCD1525007181BE /* Sources */ = {
			isa = PBXSourcesBuildPhase;
			buildActionMask = 2147483647;
			files = (
			);
			runOnlyForDeploymentPostprocessing = 0;
		};
		E43124932FBF79C90050D6C7 /* Sources */ = {
			isa = PBXSourcesBuildPhase;
			buildActionMask = 2147483647;
			files = (
			);
			runOnlyForDeploymentPostprocessing = 0;
		};
		E43124A52FBF7A0F0050D6C7 /* Sources */ = {
			isa = PBXSourcesBuildPhase;
			buildActionMask = 2147483647;
			files = (
			);
			runOnlyForDeploymentPostprocessing = 0;
		};
		E43124C02FBF7E200050D6C7 /* Sources */ = {
			isa = PBXSourcesBuildPhase;
			buildActionMask = 2147483647;
			files = (
			);
			runOnlyForDeploymentPostprocessing = 0;
		};
/* End PBXSourcesBuildPhase section */

/* Begin PBXTargetDependency section */
		7E6DDD9C2FCD1526007181BE /* PBXTargetDependency */ = {
			isa = PBXTargetDependency;
			target = 7E6DDD8B2FCD1525007181BE /* HamBandsWidgetExtension */;
			targetProxy = 7E6DDD9B2FCD1526007181BE /* PBXContainerItemProxy */;
		};
		E43124B22FBF7A100050D6C7 /* PBXTargetDependency */ = {
			isa = PBXTargetDependency;
			target = E43124A82FBF7A0F0050D6C7 /* HamBands Watch App Watch App */;
			targetProxy = E43124B12FBF7A100050D6C7 /* PBXContainerItemProxy */;
		};
		E43124D52FBF7E220050D6C7 /* PBXTargetDependency */ = {
			isa = PBXTargetDependency;
			target = E43124C32FBF7E200050D6C7 /* HamBands WidgetExtension */;
			targetProxy = E43124D42FBF7E220050D6C7 /* PBXContainerItemProxy */;
		};
/* End PBXTargetDependency section */

/* Begin XCBuildConfiguration section */
		7E6DDD9F2FCD1526007181BE /* Debug */ = {
			isa = XCBuildConfiguration;
			buildSettings = {
				ASSETCATALOG_COMPILER_GLOBAL_ACCENT_COLOR_NAME = AccentColor;
				ASSETCATALOG_COMPILER_WIDGET_BACKGROUND_COLOR_NAME = WidgetBackground;
				CODE_SIGN_STYLE = Automatic;
				CURRENT_PROJECT_VERSION = 3;
				DEVELOPMENT_TEAM = 5R8BSBLJ8N;
				GENERATE_INFOPLIST_FILE = YES;
				INFOPLIST_FILE = HamBandsWidget/Info.plist;
				INFOPLIST_KEY_CFBundleDisplayName = HamBandsWidget;
				INFOPLIST_KEY_NSHumanReadableCopyright = "";
				LD_RUNPATH_SEARCH_PATHS = (
					"$(inherited)",
					"@executable_path/Frameworks",
					"@executable_path/../../Frameworks",
				);
				MARKETING_VERSION = 1.3;
				PRODUCT_BUNDLE_IDENTIFIER = com.kd3clw.HamBands.HamBandsWidget;
				PRODUCT_NAME = "$(TARGET_NAME)";
				SKIP_INSTALL = YES;
				STRING_CATALOG_GENERATE_SYMBOLS = YES;
				SWIFT_APPROACHABLE_CONCURRENCY = YES;
				SWIFT_EMIT_LOC_STRINGS = YES;
				SWIFT_UPCOMING_FEATURE_MEMBER_IMPORT_VISIBILITY = YES;
				SWIFT_VERSION = 5.0;
				TARGETED_DEVICE_FAMILY = "1,2";
			};
			name = Debug;
		};
		7E6DDDA02FCD1526007181BE /* Release */ = {
			isa = XCBuildConfiguration;
			buildSettings = {
				ASSETCATALOG_COMPILER_GLOBAL_ACCENT_COLOR_NAME = AccentColor;
				ASSETCATALOG_COMPILER_WIDGET_BACKGROUND_COLOR_NAME = WidgetBackground;
				CODE_SIGN_STYLE = Automatic;
				CURRENT_PROJECT_VERSION = 3;
				DEVELOPMENT_TEAM = 5R8BSBLJ8N;
				GENERATE_INFOPLIST_FILE = YES;
				INFOPLIST_FILE = HamBandsWidget/Info.plist;
				INFOPLIST_KEY_CFBundleDisplayName = HamBandsWidget;
				INFOPLIST_KEY_NSHumanReadableCopyright = "";
				LD_RUNPATH_SEARCH_PATHS = (
					"$(inherited)",
					"@executable_path/Frameworks",
					"@executable_path/../../Frameworks",
				);
				MARKETING_VERSION = 1.3;
				PRODUCT_BUNDLE_IDENTIFIER = com.kd3clw.HamBands.HamBandsWidget;
				PRODUCT_NAME = "$(TARGET_NAME)";
				SKIP_INSTALL = YES;
				STRING_CATALOG_GENERATE_SYMBOLS = YES;
				SWIFT_APPROACHABLE_CONCURRENCY = YES;
				SWIFT_EMIT_LOC_STRINGS = YES;
				SWIFT_UPCOMING_FEATURE_MEMBER_IMPORT_VISIBILITY = YES;
				SWIFT_VERSION = 5.0;
				TARGETED_DEVICE_FAMILY = "1,2";
			};
			name = Release;
		};
		E43124A02FBF79CA0050D6C7 /* Debug */ = {
			isa = XCBuildConfiguration;
			buildSettings = {
				ALWAYS_SEARCH_USER_PATHS = NO;
				ASSETCATALOG_COMPILER_GENERATE_SWIFT_ASSET_SYMBOL_EXTENSIONS = YES;
				CLANG_ANALYZER_NONNULL = YES;
				CLANG_ANALYZER_NUMBER_OBJECT_CONVERSION = YES_AGGRESSIVE;
				CLANG_CXX_LANGUAGE_STANDARD = "gnu++20";
				CLANG_ENABLE_MODULES = YES;
				CLANG_ENABLE_OBJC_ARC = YES;
				CLANG_ENABLE_OBJC_WEAK = YES;
				CLANG_WARN_BLOCK_CAPTURE_AUTORELEASING = YES;
				CLANG_WARN_BOOL_CONVERSION = YES;
				CLANG_WARN_COMMA = YES;
				CLANG_WARN_CONSTANT_CONVERSION = YES;
				CLANG_WARN_DEPRECATED_OBJC_IMPLEMENTATIONS = YES;
				CLANG_WARN_DIRECT_OBJC_ISA_USAGE = YES_ERROR;
				CLANG_WARN_DOCUMENTATION_COMMENTS = YES;
				CLANG_WARN_EMPTY_BODY = YES;
				CLANG_WARN_ENUM_CONVERSION = YES;
				CLANG_WARN_INFINITE_RECURSION = YES;
				CLANG_WARN_INT_CONVERSION = YES;
				CLANG_WARN_NON_LITERAL_NULL_CONVERSION = YES;
				CLANG_WARN_OBJC_IMPLICIT_RETAIN_SELF = YES;
				CLANG_WARN_OBJC_LITERAL_CONVERSION = YES;
				CLANG_WARN_OBJC_ROOT_CLASS = YES_ERROR;
				CLANG_WARN_QUOTED_INCLUDE_IN_FRAMEWORK_HEADER = YES;
				CLANG_WARN_RANGE_LOOP_ANALYSIS = YES;
				CLANG_WARN_STRICT_PROTOTYPES = YES;
				CLANG_WARN_SUSPICIOUS_MOVE = YES;
				CLANG_WARN_UNGUARDED_AVAILABILITY = YES_AGGRESSIVE;
				CLANG_WARN_UNREACHABLE_CODE = YES;
				CLANG_WARN__DUPLICATE_METHOD_MATCH = YES;
				COPY_PHASE_STRIP = NO;
				DEBUG_INFORMATION_FORMAT = dwarf;
				DEVELOPMENT_TEAM = 5R8BSBLJ8N;
				ENABLE_STRICT_OBJC_MSGSEND = YES;
				ENABLE_TESTABILITY = YES;
				ENABLE_USER_SCRIPT_SANDBOXING = YES;
				GCC_C_LANGUAGE_STANDARD = gnu17;
				GCC_DYNAMIC_NO_PIC = NO;
				GCC_NO_COMMON_BLOCKS = YES;
				GCC_OPTIMIZATION_LEVEL = 0;
				GCC_PREPROCESSOR_DEFINITIONS = (
					"DEBUG=1",
					"$(inherited)",
				);
				GCC_WARN_64_TO_32_BIT_CONVERSION = YES;
				GCC_WARN_ABOUT_RETURN_TYPE = YES_ERROR;
				GCC_WARN_UNDECLARED_SELECTOR = YES;
				GCC_WARN_UNINITIALIZED_AUTOS = YES_AGGRESSIVE;
				GCC_WARN_UNUSED_FUNCTION = YES;
				GCC_WARN_UNUSED_VARIABLE = YES;
				IPHONEOS_DEPLOYMENT_TARGET = 26.5;
				LOCALIZATION_PREFERS_STRING_CATALOGS = YES;
				MTL_ENABLE_DEBUG_INFO = INCLUDE_SOURCE;
				MTL_FAST_MATH = YES;
				ONLY_ACTIVE_ARCH = YES;
				SDKROOT = iphoneos;
				SWIFT_ACTIVE_COMPILATION_CONDITIONS = "DEBUG $(inherited)";
				SWIFT_OPTIMIZATION_LEVEL = "-Onone";
			};
			name = Debug;
		};
		E43124A12FBF79CA0050D6C7 /* Release */ = {
			isa = XCBuildConfiguration;
			buildSettings = {
				ALWAYS_SEARCH_USER_PATHS = NO;
				ASSETCATALOG_COMPILER_GENERATE_SWIFT_ASSET_SYMBOL_EXTENSIONS = YES;
				CLANG_ANALYZER_NONNULL = YES;
				CLANG_ANALYZER_NUMBER_OBJECT_CONVERSION = YES_AGGRESSIVE;
				CLANG_CXX_LANGUAGE_STANDARD = "gnu++20";
				CLANG_ENABLE_MODULES = YES;
				CLANG_ENABLE_OBJC_ARC = YES;
				CLANG_ENABLE_OBJC_WEAK = YES;
				CLANG_WARN_BLOCK_CAPTURE_AUTORELEASING = YES;
				CLANG_WARN_BOOL_CONVERSION = YES;
				CLANG_WARN_COMMA = YES;
				CLANG_WARN_CONSTANT_CONVERSION = YES;
				CLANG_WARN_DEPRECATED_OBJC_IMPLEMENTATIONS = YES;
				CLANG_WARN_DIRECT_OBJC_ISA_USAGE = YES_ERROR;
				CLANG_WARN_DOCUMENTATION_COMMENTS = YES;
				CLANG_WARN_EMPTY_BODY = YES;
				CLANG_WARN_ENUM_CONVERSION = YES;
				CLANG_WARN_INFINITE_RECURSION = YES;
				CLANG_WARN_INT_CONVERSION = YES;
				CLANG_WARN_NON_LITERAL_NULL_CONVERSION = YES;
				CLANG_WARN_OBJC_IMPLICIT_RETAIN_SELF = YES;
				CLANG_WARN_OBJC_LITERAL_CONVERSION = YES;
				CLANG_WARN_OBJC_ROOT_CLASS = YES_ERROR;
				CLANG_WARN_QUOTED_INCLUDE_IN_FRAMEWORK_HEADER = YES;
				CLANG_WARN_RANGE_LOOP_ANALYSIS = YES;
				CLANG_WARN_STRICT_PROTOTYPES = YES;
				CLANG_WARN_SUSPICIOUS_MOVE = YES;
				CLANG_WARN_UNGUARDED_AVAILABILITY = YES_AGGRESSIVE;
				CLANG_WARN_UNREACHABLE_CODE = YES;
				CLANG_WARN__DUPLICATE_METHOD_MATCH = YES;
				COPY_PHASE_STRIP = NO;
				DEBUG_INFORMATION_FORMAT = "dwarf-with-dsym";
				DEVELOPMENT_TEAM = 5R8BSBLJ8N;
				ENABLE_NS_ASSERTIONS = NO;
				ENABLE_STRICT_OBJC_MSGSEND = YES;
				ENABLE_USER_SCRIPT_SANDBOXING = YES;
				GCC_C_LANGUAGE_STANDARD = gnu17;
				GCC_NO_COMMON_BLOCKS = YES;
				GCC_WARN_64_TO_32_BIT_CONVERSION = YES;
				GCC_WARN_ABOUT_RETURN_TYPE = YES_ERROR;
				GCC_WARN_UNDECLARED_SELECTOR = YES;
				GCC_WARN_UNINITIALIZED_AUTOS = YES_AGGRESSIVE;
				GCC_WARN_UNUSED_FUNCTION = YES;
				GCC_WARN_UNUSED_VARIABLE = YES;
				IPHONEOS_DEPLOYMENT_TARGET = 26.5;
				LOCALIZATION_PREFERS_STRING_CATALOGS = YES;
				MTL_ENABLE_DEBUG_INFO = NO;
				MTL_FAST_MATH = YES;
				SDKROOT = iphoneos;
				SWIFT_COMPILATION_MODE = wholemodule;
				VALIDATE_PRODUCT = YES;
			};
			name = Release;
		};
		E43124A32FBF79CA0050D6C7 /* Debug */ = {
			isa = XCBuildConfiguration;
			buildSettings = {
				ASSETCATALOG_COMPILER_APPICON_NAME = AppIcon;
				ASSETCATALOG_COMPILER_GLOBAL_ACCENT_COLOR_NAME = AccentColor;
				CODE_SIGN_STYLE = Automatic;
				CURRENT_PROJECT_VERSION = 3;
				DEVELOPMENT_TEAM = 5R8BSBLJ8N;
				ENABLE_PREVIEWS = YES;
				GENERATE_INFOPLIST_FILE = YES;
				INFOPLIST_FILE = HamBands/Info.plist;
				INFOPLIST_KEY_CFBundleDisplayName = HamBand;
				INFOPLIST_KEY_LSApplicationCategoryType = "public.app-category.utilities";
				INFOPLIST_KEY_UIApplicationSceneManifest_Generation = YES;
				INFOPLIST_KEY_UIApplicationSupportsIndirectInputEvents = YES;
				INFOPLIST_KEY_UILaunchScreen_Generation = YES;
				INFOPLIST_KEY_UISupportedInterfaceOrientations_iPad = "UIInterfaceOrientationPortrait UIInterfaceOrientationPortraitUpsideDown UIInterfaceOrientationLandscapeLeft UIInterfaceOrientationLandscapeRight";
				INFOPLIST_KEY_UISupportedInterfaceOrientations_iPhone = "UIInterfaceOrientationPortrait UIInterfaceOrientationLandscapeLeft UIInterfaceOrientationLandscapeRight";
				IPHONEOS_DEPLOYMENT_TARGET = 26.0;
				LD_RUNPATH_SEARCH_PATHS = (
					"$(inherited)",
					"@executable_path/Frameworks",
				);
				MARKETING_VERSION = 1.3;
				PRODUCT_BUNDLE_IDENTIFIER = com.kd3clw.HamBands;
				PRODUCT_NAME = "$(TARGET_NAME)";
				STRING_CATALOG_GENERATE_SYMBOLS = YES;
				SWIFT_APPROACHABLE_CONCURRENCY = YES;
				SWIFT_DEFAULT_ACTOR_ISOLATION = MainActor;
				SWIFT_EMIT_LOC_STRINGS = YES;
				SWIFT_UPCOMING_FEATURE_MEMBER_IMPORT_VISIBILITY = YES;
				SWIFT_VERSION = 5.0;
				TARGETED_DEVICE_FAMILY = "1,2";
			};
			name = Debug;
		};
		E43124A42FBF79CA0050D6C7 /* Release */ = {
			isa = XCBuildConfiguration;
			buildSettings = {
				ASSETCATALOG_COMPILER_APPICON_NAME = AppIcon;
				ASSETCATALOG_COMPILER_GLOBAL_ACCENT_COLOR_NAME = AccentColor;
				CODE_SIGN_STYLE = Automatic;
				CURRENT_PROJECT_VERSION = 3;
				DEVELOPMENT_TEAM = 5R8BSBLJ8N;
				ENABLE_PREVIEWS = YES;
				GENERATE_INFOPLIST_FILE = YES;
				INFOPLIST_FILE = HamBands/Info.plist;
				INFOPLIST_KEY_CFBundleDisplayName = HamBand;
				INFOPLIST_KEY_LSApplicationCategoryType = "public.app-category.utilities";
				INFOPLIST_KEY_UIApplicationSceneManifest_Generation = YES;
				INFOPLIST_KEY_UIApplicationSupportsIndirectInputEvents = YES;
				INFOPLIST_KEY_UILaunchScreen_Generation = YES;
				INFOPLIST_KEY_UISupportedInterfaceOrientations_iPad = "UIInterfaceOrientationPortrait UIInterfaceOrientationPortraitUpsideDown UIInterfaceOrientationLandscapeLeft UIInterfaceOrientationLandscapeRight";
				INFOPLIST_KEY_UISupportedInterfaceOrientations_iPhone = "UIInterfaceOrientationPortrait UIInterfaceOrientationLandscapeLeft UIInterfaceOrientationLandscapeRight";
				IPHONEOS_DEPLOYMENT_TARGET = 26.0;
				LD_RUNPATH_SEARCH_PATHS = (
					"$(inherited)",
					"@executable_path/Frameworks",
				);
				MARKETING_VERSION = 1.3;
				PRODUCT_BUNDLE_IDENTIFIER = com.kd3clw.HamBands;
				PRODUCT_NAME = "$(TARGET_NAME)";
				STRING_CATALOG_GENERATE_SYMBOLS = YES;
				SWIFT_APPROACHABLE_CONCURRENCY = YES;
				SWIFT_DEFAULT_ACTOR_ISOLATION = MainActor;
				SWIFT_EMIT_LOC_STRINGS = YES;
				SWIFT_UPCOMING_FEATURE_MEMBER_IMPORT_VISIBILITY = YES;
				SWIFT_VERSION = 5.0;
				TARGETED_DEVICE_FAMILY = "1,2";
			};
			name = Release;
		};
		E43124B52FBF7A100050D6C7 /* Debug */ = {
			isa = XCBuildConfiguration;
			buildSettings = {
				ASSETCATALOG_COMPILER_APPICON_NAME = AppIcon;
				ASSETCATALOG_COMPILER_GLOBAL_ACCENT_COLOR_NAME = AccentColor;
				CODE_SIGN_STYLE = Automatic;
				CURRENT_PROJECT_VERSION = 3;
				DEVELOPMENT_TEAM = 5R8BSBLJ8N;
				ENABLE_PREVIEWS = YES;
				GENERATE_INFOPLIST_FILE = YES;
				INFOPLIST_FILE = "HamBands-Watch-App-Watch-App-Info.plist";
				INFOPLIST_KEY_CFBundleDisplayName = "HamBands Watch App";
				INFOPLIST_KEY_UISupportedInterfaceOrientations = "UIInterfaceOrientationPortrait UIInterfaceOrientationPortraitUpsideDown";
				INFOPLIST_KEY_WKCompanionAppBundleIdentifier = com.kd3clw.HamBands;
				LD_RUNPATH_SEARCH_PATHS = (
					"$(inherited)",
					"@executable_path/Frameworks",
				);
				MARKETING_VERSION = 1.3;
				PRODUCT_BUNDLE_IDENTIFIER = com.kd3clw.HamBands.watchkitapp;
				PRODUCT_NAME = "$(TARGET_NAME)";
				SDKROOT = watchos;
				SKIP_INSTALL = YES;
				STRING_CATALOG_GENERATE_SYMBOLS = YES;
				SWIFT_APPROACHABLE_CONCURRENCY = YES;
				SWIFT_DEFAULT_ACTOR_ISOLATION = MainActor;
				SWIFT_EMIT_LOC_STRINGS = YES;
				SWIFT_UPCOMING_FEATURE_MEMBER_IMPORT_VISIBILITY = YES;
				SWIFT_VERSION = 5.0;
				TARGETED_DEVICE_FAMILY = 4;
				WATCHOS_DEPLOYMENT_TARGET = 26.0;
			};
			name = Debug;
		};
		E43124B62FBF7A100050D6C7 /* Release */ = {
			isa = XCBuildConfiguration;
			buildSettings = {
				ASSETCATALOG_COMPILER_APPICON_NAME = AppIcon;
				ASSETCATALOG_COMPILER_GLOBAL_ACCENT_COLOR_NAME = AccentColor;
				CODE_SIGN_STYLE = Automatic;
				CURRENT_PROJECT_VERSION = 3;
				DEVELOPMENT_TEAM = 5R8BSBLJ8N;
				ENABLE_PREVIEWS = YES;
				GENERATE_INFOPLIST_FILE = YES;
				INFOPLIST_FILE = "HamBands-Watch-App-Watch-App-Info.plist";
				INFOPLIST_KEY_CFBundleDisplayName = "HamBands Watch App";
				INFOPLIST_KEY_UISupportedInterfaceOrientations = "UIInterfaceOrientationPortrait UIInterfaceOrientationPortraitUpsideDown";
				INFOPLIST_KEY_WKCompanionAppBundleIdentifier = com.kd3clw.HamBands;
				LD_RUNPATH_SEARCH_PATHS = (
					"$(inherited)",
					"@executable_path/Frameworks",
				);
				MARKETING_VERSION = 1.3;
				PRODUCT_BUNDLE_IDENTIFIER = com.kd3clw.HamBands.watchkitapp;
				PRODUCT_NAME = "$(TARGET_NAME)";
				SDKROOT = watchos;
				SKIP_INSTALL = YES;
				STRING_CATALOG_GENERATE_SYMBOLS = YES;
				SWIFT_APPROACHABLE_CONCURRENCY = YES;
				SWIFT_DEFAULT_ACTOR_ISOLATION = MainActor;
				SWIFT_EMIT_LOC_STRINGS = YES;
				SWIFT_UPCOMING_FEATURE_MEMBER_IMPORT_VISIBILITY = YES;
				SWIFT_VERSION = 5.0;
				TARGETED_DEVICE_FAMILY = 4;
				WATCHOS_DEPLOYMENT_TARGET = 26.0;
			};
			name = Release;
		};
		E43124D82FBF7E220050D6C7 /* Debug */ = {
			isa = XCBuildConfiguration;
			buildSettings = {
				ASSETCATALOG_COMPILER_GLOBAL_ACCENT_COLOR_NAME = AccentColor;
				ASSETCATALOG_COMPILER_WIDGET_BACKGROUND_COLOR_NAME = WidgetBackground;
				CODE_SIGN_STYLE = Automatic;
				CURRENT_PROJECT_VERSION = 3;
				DEVELOPMENT_TEAM = 5R8BSBLJ8N;
				GENERATE_INFOPLIST_FILE = YES;
				INFOPLIST_FILE = "HamBands Widget/Info.plist";
				INFOPLIST_KEY_CFBundleDisplayName = "HamBands Widget";
				INFOPLIST_KEY_NSHumanReadableCopyright = "";
				LD_RUNPATH_SEARCH_PATHS = (
					"$(inherited)",
					"@executable_path/Frameworks",
					"@executable_path/../../Frameworks",
					"@executable_path/../../../../Frameworks",
				);
				MARKETING_VERSION = 1.3;
				PRODUCT_BUNDLE_IDENTIFIER = "com.kd3clw.HamBands.watchkitapp.HamBands-Widget";
				PRODUCT_NAME = "$(TARGET_NAME)";
				SDKROOT = watchos;
				SKIP_INSTALL = YES;
				STRING_CATALOG_GENERATE_SYMBOLS = YES;
				SWIFT_APPROACHABLE_CONCURRENCY = YES;
				SWIFT_EMIT_LOC_STRINGS = YES;
				SWIFT_UPCOMING_FEATURE_MEMBER_IMPORT_VISIBILITY = YES;
				SWIFT_VERSION = 5.0;
				TARGETED_DEVICE_FAMILY = 4;
				WATCHOS_DEPLOYMENT_TARGET = 26.0;
			};
			name = Debug;
		};
		E43124D92FBF7E220050D6C7 /* Release */ = {
			isa = XCBuildConfiguration;
			buildSettings = {
				ASSETCATALOG_COMPILER_GLOBAL_ACCENT_COLOR_NAME = AccentColor;
				ASSETCATALOG_COMPILER_WIDGET_BACKGROUND_COLOR_NAME = WidgetBackground;
				CODE_SIGN_STYLE = Automatic;
				CURRENT_PROJECT_VERSION = 3;
				DEVELOPMENT_TEAM = 5R8BSBLJ8N;
				GENERATE_INFOPLIST_FILE = YES;
				INFOPLIST_FILE = "HamBands Widget/Info.plist";
				INFOPLIST_KEY_CFBundleDisplayName = "HamBands Widget";
				INFOPLIST_KEY_NSHumanReadableCopyright = "";
				LD_RUNPATH_SEARCH_PATHS = (
					"$(inherited)",
					"@executable_path/Frameworks",
					"@executable_path/../../Frameworks",
					"@executable_path/../../../../Frameworks",
				);
				MARKETING_VERSION = 1.3;
				PRODUCT_BUNDLE_IDENTIFIER = "com.kd3clw.HamBands.watchkitapp.HamBands-Widget";
				PRODUCT_NAME = "$(TARGET_NAME)";
				SDKROOT = watchos;
				SKIP_INSTALL = YES;
				STRING_CATALOG_GENERATE_SYMBOLS = YES;
				SWIFT_APPROACHABLE_CONCURRENCY = YES;
				SWIFT_EMIT_LOC_STRINGS = YES;
				SWIFT_UPCOMING_FEATURE_MEMBER_IMPORT_VISIBILITY = YES;
				SWIFT_VERSION = 5.0;
				TARGETED_DEVICE_FAMILY = 4;
				WATCHOS_DEPLOYMENT_TARGET = 26.0;
			};
			name = Release;
		};
/* End XCBuildConfiguration section */

/* Begin XCConfigurationList section */
		7E6DDD9E2FCD1526007181BE /* Build configuration list for PBXNativeTarget "HamBandsWidgetExtension" */ = {
			isa = XCConfigurationList;
			buildConfigurations = (
				7E6DDD9F2FCD1526007181BE /* Debug */,
				7E6DDDA02FCD1526007181BE /* Release */,
			);
			defaultConfigurationIsVisible = 0;
			defaultConfigurationName = Release;
		};
		E43124922FBF79C90050D6C7 /* Build configuration list for PBXProject "HamBands" */ = {
			isa = XCConfigurationList;
			buildConfigurations = (
				E43124A02FBF79CA0050D6C7 /* Debug */,
				E43124A12FBF79CA0050D6C7 /* Release */,
			);
			defaultConfigurationIsVisible = 0;
			defaultConfigurationName = Release;
		};
		E43124A22FBF79CA0050D6C7 /* Build configuration list for PBXNativeTarget "HamBands" */ = {
			isa = XCConfigurationList;
			buildConfigurations = (
				E43124A32FBF79CA0050D6C7 /* Debug */,
				E43124A42FBF79CA0050D6C7 /* Release */,
			);
			defaultConfigurationIsVisible = 0;
			defaultConfigurationName = Release;
		};
		E43124B42FBF7A100050D6C7 /* Build configuration list for PBXNativeTarget "HamBands Watch App Watch App" */ = {
			isa = XCConfigurationList;
			buildConfigurations = (
				E43124B52FBF7A100050D6C7 /* Debug */,
				E43124B62FBF7A100050D6C7 /* Release */,
			);
			defaultConfigurationIsVisible = 0;
			defaultConfigurationName = Release;
		};
		E43124D72FBF7E220050D6C7 /* Build configuration list for PBXNativeTarget "HamBands WidgetExtension" */ = {
			isa = XCConfigurationList;
			buildConfigurations = (
				E43124D82FBF7E220050D6C7 /* Debug */,
				E43124D92FBF7E220050D6C7 /* Release */,
			);
			defaultConfigurationIsVisible = 0;
			defaultConfigurationName = Release;
		};
/* End XCConfigurationList section */
	};
	rootObject = E431248F2FBF79C90050D6C7 /* Project object */;
}
